
Microsoft Visual Studio Solution File, Format Version 12.00
# Visual Studio 15
VisualStudioVersion = 15.0.26228.9
MinimumVisualStudioVersion = 10.0.40219.1
Project("{2150E333-8FDC-42A3-9474-1A3956D46DE8}") = "specs", "specs", "{A74B4249-31FC-45A2-9047-77DB4335F365}"
EndProject
Project("{FAE04EC0-301F-11D3-BF4B-00C04F79EFBC}") = "Specification", "Specification\Specification.csproj", "{AFF153BE-61D1-483A-ABC3-66A048C728F4}"
EndProject
Project("{2150E333-8FDC-42A3-9474-1A3956D46DE8}") = "src", "src", "{FC8B5BB3-C60A-44C4-A142-B66B8152D7E5}"
EndProject
Project("{FAE04EC0-301F-11D3-BF4B-00C04F79EFBC}") = "Domain", "Domain\Domain.csproj", "{A1B9CB26-9F60-42D3-8E10-F90A0FE037B9}"
EndProject
Project("{FAE04EC0-301F-11D3-BF4B-00C04F79EFBC}") = "Application", "Application\Application.csproj", "{2C669ADD-9B7A-40E9-85D5-F423E6A3B0E4}"
EndProject
Global
	GlobalSection(SolutionConfigurationPlatforms) = preSolution
		Debug|Any CPU = Debug|Any CPU
		Release|Any CPU = Release|Any CPU
	EndGlobalSection
	GlobalSection(ProjectConfigurationPlatforms) = postSolution
		{AFF153BE-61D1-483A-ABC3-66A048C728F4}.Debug|Any CPU.ActiveCfg = Debug|Any CPU
		{AFF153BE-61D1-483A-ABC3-66A048C728F4}.Debug|Any CPU.Build.0 = Debug|Any CPU
		{AFF153BE-61D1-483A-ABC3-66A048C728F4}.Release|Any CPU.ActiveCfg = Release|Any CPU
		{AFF153BE-61D1-483A-ABC3-66A048C728F4}.Release|Any CPU.Build.0 = Release|Any CPU
		{A1B9CB26-9F60-42D3-8E10-F90A0FE037B9}.Debug|Any CPU.ActiveCfg = Debug|Any CPU
		{A1B9CB26-9F60-42D3-8E10-F90A0FE037B9}.Debug|Any CPU.Build.0 = Debug|Any CPU
		{A1B9CB26-9F60-42D3-8E10-F90A0FE037B9}.Release|Any CPU.ActiveCfg = Release|Any CPU
		{A1B9CB26-9F60-42D3-8E10-F90A0FE037B9}.Release|Any CPU.Build.0 = Release|Any CPU
		{2C669ADD-9B7A-40E9-85D5-F423E6A3B0E4}.Debug|Any CPU.ActiveCfg = Debug|Any CPU
		{2C669ADD-9B7A-40E9-85D5-F423E6A3B0E4}.Debug|Any CPU.Build.0 = Debug|Any CPU
		{2C669ADD-9B7A-40E9-85D5-F423E6A3B0E4}.Release|Any CPU.ActiveCfg = Release|Any CPU
		{2C669ADD-9B7A-40E9-85D5-F423E6A3B0E4}.Release|Any CPU.Build.0 = Release|Any CPU
	EndGlobalSection
	GlobalSection(SolutionProperties) = preSolution
		HideSolutionNode = FALSE
	EndGlobalSection
	GlobalSection(NestedProjects) = preSolution
		{AFF153BE-61D1-483A-ABC3-66A048C728F4} = {A74B4249-31FC-45A2-9047-77DB4335F365}
		{A1B9CB26-9F60-42D3-8E10-F90A0FE037B9} = {FC8B5BB3-C60A-44C4-A142-B66B8152D7E5}
		{2C669ADD-9B7A-40E9-85D5-F423E6A3B0E4} = {FC8B5BB3-C60A-44C4-A142-B66B8152D7E5}
	EndGlobalSection
EndGlobal
